
Microsoft Visual Studio Solution File, Format Version 12.00
# Visual Studio Version 16
VisualStudioVersion = 16.0.30621.155
MinimumVisualStudioVersion = 10.0.40219.1
Project("{FAE04EC0-301F-11D3-BF4B-00C04F79EFBC}") = "codesBasics", "codesBasics\codesBasics.csproj", "{97B57269-0F91-439C-A855-8095C7B967AA}"
EndProject
Global
	GlobalSection(SolutionConfigurationPlatforms) = preSolution
		Debug|Any CPU = Debug|Any CPU
		Release|Any CPU = Release|Any CPU
	EndGlobalSection
	GlobalSection(ProjectConfigurationPlatforms) = postSolution
		{97B57269-0F91-439C-A855-8095C7B967AA}.Debug|Any CPU.ActiveCfg = Debug|Any CPU
		{97B57269-0F91-439C-A855-8095C7B967AA}.Debug|Any CPU.Build.0 = Debug|Any CPU
		{97B57269-0F91-439C-A855-8095C7B967AA}.Release|Any CPU.ActiveCfg = Release|Any CPU
		{97B57269-0F91-439C-A855-8095C7B967AA}.Release|Any CPU.Build.0 = Release|Any CPU
	EndGlobalSection
	GlobalSection(SolutionProperties) = preSolution
		HideSolutionNode = FALSE
	EndGlobalSection
	GlobalSection(ExtensibilityGlobals) = postSolution
		SolutionGuid = {8EE8CD34-B92F-4EE3-96ED-7448822BD5F4}
	EndGlobalSection
EndGlobal
